
Microsoft Visual Studio Solution File, Format Version 12.00
# Visual Studio 15
VisualStudioVersion = 15.0.28010.2046
MinimumVisualStudioVersion = 10.0.40219.1
Project("{FAE04EC0-301F-11D3-BF4B-00C04F79EFBC}") = "ShopSystem", "ShopSystem\ShopSystem.csproj", "{013B1975-FF4C-4472-8AD2-38855D9869CA}"
EndProject
Project("{FAE04EC0-301F-11D3-BF4B-00C04F79EFBC}") = "IDAL", "IDAL\IDAL.csproj", "{44489716-E927-4E64-8920-66C8DDFF7E6A}"
EndProject
Project("{FAE04EC0-301F-11D3-BF4B-00C04F79EFBC}") = "Model", "Model\Model.csproj", "{2571DB51-38D3-48EA-BC80-8D1486950BC5}"
EndProject
Project("{FAE04EC0-301F-11D3-BF4B-00C04F79EFBC}") = "DAL", "DAL\DAL.csproj", "{6F862368-F3D1-4178-97F1-18B0DEBFAA78}"
EndProject
Project("{FAE04EC0-301F-11D3-BF4B-00C04F79EFBC}") = "BLL", "BLL\BLL.csproj", "{B0FA442A-DEE9-4D90-8B94-C5FD169D9C96}"
EndProject
Project("{FAE04EC0-301F-11D3-BF4B-00C04F79EFBC}") = "IBLL", "IBLL\IBLL.csproj", "{B9B3339F-36F7-4D2E-82D2-1137D972FF5D}"
EndProject
Global
	GlobalSection(SolutionConfigurationPlatforms) = preSolution
		Debug|Any CPU = Debug|Any CPU
		Release|Any CPU = Release|Any CPU
	EndGlobalSection
	GlobalSection(ProjectConfigurationPlatforms) = postSolution
		{013B1975-FF4C-4472-8AD2-38855D9869CA}.Debug|Any CPU.ActiveCfg = Debug|Any CPU
		{013B1975-FF4C-4472-8AD2-38855D9869CA}.Debug|Any CPU.Build.0 = Debug|Any CPU
		{013B1975-FF4C-4472-8AD2-38855D9869CA}.Release|Any CPU.ActiveCfg = Release|Any CPU
		{013B1975-FF4C-4472-8AD2-38855D9869CA}.Release|Any CPU.Build.0 = Release|Any CPU
		{44489716-E927-4E64-8920-66C8DDFF7E6A}.Debug|Any CPU.ActiveCfg = Debug|Any CPU
		{44489716-E927-4E64-8920-66C8DDFF7E6A}.Debug|Any CPU.Build.0 = Debug|Any CPU
		{44489716-E927-4E64-8920-66C8DDFF7E6A}.Release|Any CPU.ActiveCfg = Release|Any CPU
		{44489716-E927-4E64-8920-66C8DDFF7E6A}.Release|Any CPU.Build.0 = Release|Any CPU
		{2571DB51-38D3-48EA-BC80-8D1486950BC5}.Debug|Any CPU.ActiveCfg = Debug|Any CPU
		{2571DB51-38D3-48EA-BC80-8D1486950BC5}.Debug|Any CPU.Build.0 = Debug|Any CPU
		{2571DB51-38D3-48EA-BC80-8D1486950BC5}.Release|Any CPU.ActiveCfg = Release|Any CPU
		{2571DB51-38D3-48EA-BC80-8D1486950BC5}.Release|Any CPU.Build.0 = Release|Any CPU
		{6F862368-F3D1-4178-97F1-18B0DEBFAA78}.Debug|Any CPU.ActiveCfg = Debug|Any CPU
		{6F862368-F3D1-4178-97F1-18B0DEBFAA78}.Debug|Any CPU.Build.0 = Debug|Any CPU
		{6F862368-F3D1-4178-97F1-18B0DEBFAA78}.Release|Any CPU.ActiveCfg = Release|Any CPU
		{6F862368-F3D1-4178-97F1-18B0DEBFAA78}.Release|Any CPU.Build.0 = Release|Any CPU
		{B0FA442A-DEE9-4D90-8B94-C5FD169D9C96}.Debug|Any CPU.ActiveCfg = Debug|Any CPU
		{B0FA442A-DEE9-4D90-8B94-C5FD169D9C96}.Debug|Any CPU.Build.0 = Debug|Any CPU
		{B0FA442A-DEE9-4D90-8B94-C5FD169D9C96}.Release|Any CPU.ActiveCfg = Release|Any CPU
		{B0FA442A-DEE9-4D90-8B94-C5FD169D9C96}.Release|Any CPU.Build.0 = Release|Any CPU
		{B9B3339F-36F7-4D2E-82D2-1137D972FF5D}.Debug|Any CPU.ActiveCfg = Debug|Any CPU
		{B9B3339F-36F7-4D2E-82D2-1137D972FF5D}.Debug|Any CPU.Build.0 = Debug|Any CPU
		{B9B3339F-36F7-4D2E-82D2-1137D972FF5D}.Release|Any CPU.ActiveCfg = Release|Any CPU
		{B9B3339F-36F7-4D2E-82D2-1137D972FF5D}.Release|Any CPU.Build.0 = Release|Any CPU
	EndGlobalSection
	GlobalSection(SolutionProperties) = preSolution
		HideSolutionNode = FALSE
	EndGlobalSection
	GlobalSection(ExtensibilityGlobals) = postSolution
		SolutionGuid = {74880673-08E2-4ED2-9F0E-2522D26341CD}
	EndGlobalSection
EndGlobal
